
Microsoft Visual Studio Solution File, Format Version 12.00
# Visual Studio Version 17
VisualStudioVersion = 17.4.33122.133
MinimumVisualStudioVersion = 10.0.40219.1
Project("{2150E333-8FDC-42A3-9474-1A3956D46DE8}") = "DB", "DB", "{230A737F-F0F9-4728-A56C-F26F738F8605}"
EndProject
Project("{2150E333-8FDC-42A3-9474-1A3956D46DE8}") = "Back", "Back", "{2179967F-5EE3-4B21-B2DB-18CB4E5E98F9}"
EndProject
Project("{2150E333-8FDC-42A3-9474-1A3956D46DE8}") = "Front", "Front", "{BC52C343-C6E2-4228-AAA7-991AEA63E2E3}"
EndProject
Project("{2150E333-8FDC-42A3-9474-1A3956D46DE8}") = "Core", "Core", "{03CD775A-C755-4FAE-9C56-2A483D2F08DE}"
EndProject
Project("{2150E333-8FDC-42A3-9474-1A3956D46DE8}") = "Infrastructure", "Infrastructure", "{17040DF7-B375-4026-BE22-9B3D862A08E1}"
EndProject
Project("{2150E333-8FDC-42A3-9474-1A3956D46DE8}") = "Presentation", "Presentation", "{54CB5714-18ED-4766-B721-8F3F7AF702F5}"
EndProject
Project("{FAE04EC0-301F-11D3-BF4B-00C04F79EFBC}") = "Flashcards.WebApi", "Flashcards.WebApi\Flashcards.WebApi.csproj", "{B477E1A8-F5D1-47F2-9781-13C9D38814E6}"
EndProject
Project("{FAE04EC0-301F-11D3-BF4B-00C04F79EFBC}") = "Flashcards.Infrastructure.Persistence", "Flashcards.Infrastructure.Persistence\Flashcards.Infrastructure.Persistence.csproj", "{90C4506B-568B-4BCB-8102-D7D7F6AAA327}"
EndProject
Project("{FAE04EC0-301F-11D3-BF4B-00C04F79EFBC}") = "Flashcards.Core.Domain", "Flashcards.Core.Domain\Flashcards.Core.Domain.csproj", "{1CCD74D5-EE66-4DA5-B420-6D31007484C0}"
EndProject
Project("{FAE04EC0-301F-11D3-BF4B-00C04F79EFBC}") = "Flashcards.Core.Application", "Flashcards.Core.Application\Flashcards.Core.Application.csproj", "{7192CF67-ACC7-4DFC-9FBB-43590DDBA545}"
EndProject
Global
	GlobalSection(SolutionConfigurationPlatforms) = preSolution
		Debug|Any CPU = Debug|Any CPU
		Release|Any CPU = Release|Any CPU
	EndGlobalSection
	GlobalSection(ProjectConfigurationPlatforms) = postSolution
		{B477E1A8-F5D1-47F2-9781-13C9D38814E6}.Debug|Any CPU.ActiveCfg = Debug|Any CPU
		{B477E1A8-F5D1-47F2-9781-13C9D38814E6}.Debug|Any CPU.Build.0 = Debug|Any CPU
		{B477E1A8-F5D1-47F2-9781-13C9D38814E6}.Release|Any CPU.ActiveCfg = Release|Any CPU
		{B477E1A8-F5D1-47F2-9781-13C9D38814E6}.Release|Any CPU.Build.0 = Release|Any CPU
		{90C4506B-568B-4BCB-8102-D7D7F6AAA327}.Debug|Any CPU.ActiveCfg = Debug|Any CPU
		{90C4506B-568B-4BCB-8102-D7D7F6AAA327}.Debug|Any CPU.Build.0 = Debug|Any CPU
		{90C4506B-568B-4BCB-8102-D7D7F6AAA327}.Release|Any CPU.ActiveCfg = Release|Any CPU
		{90C4506B-568B-4BCB-8102-D7D7F6AAA327}.Release|Any CPU.Build.0 = Release|Any CPU
		{1CCD74D5-EE66-4DA5-B420-6D31007484C0}.Debug|Any CPU.ActiveCfg = Debug|Any CPU
		{1CCD74D5-EE66-4DA5-B420-6D31007484C0}.Debug|Any CPU.Build.0 = Debug|Any CPU
		{1CCD74D5-EE66-4DA5-B420-6D31007484C0}.Release|Any CPU.ActiveCfg = Release|Any CPU
		{1CCD74D5-EE66-4DA5-B420-6D31007484C0}.Release|Any CPU.Build.0 = Release|Any CPU
		{7192CF67-ACC7-4DFC-9FBB-43590DDBA545}.Debug|Any CPU.ActiveCfg = Debug|Any CPU
		{7192CF67-ACC7-4DFC-9FBB-43590DDBA545}.Debug|Any CPU.Build.0 = Debug|Any CPU
		{7192CF67-ACC7-4DFC-9FBB-43590DDBA545}.Release|Any CPU.ActiveCfg = Release|Any CPU
		{7192CF67-ACC7-4DFC-9FBB-43590DDBA545}.Release|Any CPU.Build.0 = Release|Any CPU
	EndGlobalSection
	GlobalSection(SolutionProperties) = preSolution
		HideSolutionNode = FALSE
	EndGlobalSection
	GlobalSection(NestedProjects) = preSolution
		{03CD775A-C755-4FAE-9C56-2A483D2F08DE} = {2179967F-5EE3-4B21-B2DB-18CB4E5E98F9}
		{17040DF7-B375-4026-BE22-9B3D862A08E1} = {2179967F-5EE3-4B21-B2DB-18CB4E5E98F9}
		{54CB5714-18ED-4766-B721-8F3F7AF702F5} = {2179967F-5EE3-4B21-B2DB-18CB4E5E98F9}
		{B477E1A8-F5D1-47F2-9781-13C9D38814E6} = {54CB5714-18ED-4766-B721-8F3F7AF702F5}
		{90C4506B-568B-4BCB-8102-D7D7F6AAA327} = {17040DF7-B375-4026-BE22-9B3D862A08E1}
		{1CCD74D5-EE66-4DA5-B420-6D31007484C0} = {03CD775A-C755-4FAE-9C56-2A483D2F08DE}
		{7192CF67-ACC7-4DFC-9FBB-43590DDBA545} = {03CD775A-C755-4FAE-9C56-2A483D2F08DE}
	EndGlobalSection
	GlobalSection(ExtensibilityGlobals) = postSolution
		SolutionGuid = {455718A6-1F4F-4E65-B5C8-1ED4CCF3B5AA}
	EndGlobalSection
EndGlobal
